# This file is automatically @generated by Poetry and should not be changed by hand.

[[package]]
name = "python-periphery"
version = "2.3.0"
description = "A pure Python 2/3 library for peripheral I/O (GPIO, LED, PWM, SPI, I2C, MMIO, Serial) in Linux."
category = "main"
optional = false
python-versions = "*"
files = [
    {file = "python-periphery-2.3.0.tar.gz", hash = "sha256:8a8ec019d9b330a6a6f69a7de61d14b4c98b102d76359047c5ce0263e12246a6"},
    {file = "python_periphery-2.3.0-py2.py3-none-any.whl", hash = "sha256:fad31a38003521b686f3834dfd7b03b041ec29ab9aa3783a8e801baab4d0c761"},
]

[metadata]
lock-version = "2.0"
python-versions = "^3.7"
content-hash = "9c136168d45aaea3b8f4f5aca00fc6bf479f0c7ef58ca2e0ce8c547b0fd51bad"
