[[package]]
name = "pillow"
version = "9.4.0"
description = "Python Imaging Library (Fork)"
category = "main"
optional = false
python-versions = ">=3.7"

[package.extras]
docs = ["furo", "olefile", "sphinx (>=2.4)", "sphinx-copybutton", "sphinx-inline-tabs", "sphinx-issues (>=3.0.1)", "sphinx-removed-in", "sphinxext-opengraph"]
tests = ["check-manifest", "coverage", "defusedxml", "markdown2", "olefile", "packaging", "pyroma", "pytest", "pytest-cov", "pytest-timeout"]

[[package]]
name = "python-periphery"
version = "2.3.0"
description = "A pure Python 2/3 library for peripheral I/O (GPIO, LED, PWM, SPI, I2C, MMIO, Serial) in Linux."
category = "main"
optional = false
python-versions = "*"

[metadata]
lock-version = "1.1"
python-versions = "^3.7"
content-hash = "9e9980ee5a2ecdc45c9771f17d4d97e13c93c9a643a70d358bb6517b43f277ca"

[metadata.files]
pillow = []
python-periphery = []
